
Microsoft Visual Studio Solution File, Format Version 12.00
# Visual Studio Version 17
VisualStudioVersion = 17.5.33516.290
MinimumVisualStudioVersion = 10.0.40219.1
Project("{FAE04EC0-301F-11D3-BF4B-00C04F79EFBC}") = "FirstMVCApp", "FirstMVCApp.csproj", "{D1B8CB7E-98C5-4D91-982A-DBA1B783F09A}"
EndProject
Global
	GlobalSection(SolutionConfigurationPlatforms) = preSolution
		Debug|Any CPU = Debug|Any CPU
		Release|Any CPU = Release|Any CPU
	EndGlobalSection
	GlobalSection(ProjectConfigurationPlatforms) = postSolution
		{D1B8CB7E-98C5-4D91-982A-DBA1B783F09A}.Debug|Any CPU.ActiveCfg = Debug|Any CPU
		{D1B8CB7E-98C5-4D91-982A-DBA1B783F09A}.Debug|Any CPU.Build.0 = Debug|Any CPU
		{D1B8CB7E-98C5-4D91-982A-DBA1B783F09A}.Release|Any CPU.ActiveCfg = Release|Any CPU
		{D1B8CB7E-98C5-4D91-982A-DBA1B783F09A}.Release|Any CPU.Build.0 = Release|Any CPU
	EndGlobalSection
	GlobalSection(SolutionProperties) = preSolution
		HideSolutionNode = FALSE
	EndGlobalSection
	GlobalSection(ExtensibilityGlobals) = postSolution
		SolutionGuid = {F2E69C63-3EC4-48DD-903F-0C833297D072}
	EndGlobalSection
EndGlobal
